
Microsoft Visual Studio Solution File, Format Version 12.00
# Visual Studio 15
VisualStudioVersion = 15.0.28010.2026
MinimumVisualStudioVersion = 10.0.40219.1
Project("{8BC9CEB8-8B4A-11D0-8D11-00A0C91BC942}") = "archives-cpp", "archives-cpp\archives-cpp.vcxproj", "{F634FDC0-42F9-4C22-B121-C81D3DFB6702}"
EndProject
Project("{8BC9CEB8-8B4A-11D0-8D11-00A0C91BC942}") = "ItemTest", "ItemTest\ItemTest.vcxproj", "{8067EDA0-5392-4503-B455-807ADFEFCD79}"
EndProject
Global
	GlobalSection(SolutionConfigurationPlatforms) = preSolution
		Debug|x64 = Debug|x64
		Debug|x86 = Debug|x86
		Release|x64 = Release|x64
		Release|x86 = Release|x86
	EndGlobalSection
	GlobalSection(ProjectConfigurationPlatforms) = postSolution
		{F634FDC0-42F9-4C22-B121-C81D3DFB6702}.Debug|x64.ActiveCfg = Debug|x64
		{F634FDC0-42F9-4C22-B121-C81D3DFB6702}.Debug|x64.Build.0 = Debug|x64
		{F634FDC0-42F9-4C22-B121-C81D3DFB6702}.Debug|x86.ActiveCfg = Debug|Win32
		{F634FDC0-42F9-4C22-B121-C81D3DFB6702}.Debug|x86.Build.0 = Debug|Win32
		{F634FDC0-42F9-4C22-B121-C81D3DFB6702}.Release|x64.ActiveCfg = Release|x64
		{F634FDC0-42F9-4C22-B121-C81D3DFB6702}.Release|x64.Build.0 = Release|x64
		{F634FDC0-42F9-4C22-B121-C81D3DFB6702}.Release|x86.ActiveCfg = Release|Win32
		{F634FDC0-42F9-4C22-B121-C81D3DFB6702}.Release|x86.Build.0 = Release|Win32
		{8067EDA0-5392-4503-B455-807ADFEFCD79}.Debug|x64.ActiveCfg = Debug|Win32
		{8067EDA0-5392-4503-B455-807ADFEFCD79}.Debug|x86.ActiveCfg = Debug|Win32
		{8067EDA0-5392-4503-B455-807ADFEFCD79}.Debug|x86.Build.0 = Debug|Win32
		{8067EDA0-5392-4503-B455-807ADFEFCD79}.Release|x64.ActiveCfg = Release|Win32
		{8067EDA0-5392-4503-B455-807ADFEFCD79}.Release|x86.ActiveCfg = Release|Win32
		{8067EDA0-5392-4503-B455-807ADFEFCD79}.Release|x86.Build.0 = Release|Win32
	EndGlobalSection
	GlobalSection(SolutionProperties) = preSolution
		HideSolutionNode = FALSE
	EndGlobalSection
	GlobalSection(ExtensibilityGlobals) = postSolution
		SolutionGuid = {DA34C71A-9296-4547-A227-F8D9F3A5580E}
	EndGlobalSection
EndGlobal
